
Microsoft Visual Studio Solution File, Format Version 12.00
# Visual Studio Version 17
VisualStudioVersion = 17.13.35818.85
MinimumVisualStudioVersion = 10.0.40219.1
Project("{FAE04EC0-301F-11D3-BF4B-00C04F79EFBC}") = "WebApplicationapi2", "WebApplicationapi2\WebApplicationapi2.csproj", "{0448E3D6-D995-4C62-AAB7-15776D3DA986}"
EndProject
Project("{FAE04EC0-301F-11D3-BF4B-00C04F79EFBC}") = "ecomerce.domain", "Domain\ecomerce.domain.csproj", "{B8DD5EBD-5773-210B-289D-D3FF0E77F9A2}"
EndProject
Project("{FAE04EC0-301F-11D3-BF4B-00C04F79EFBC}") = "ecommerce.application", "Application\ecommerce.application.csproj", "{80B0064A-9BCF-D22E-0123-382BAD16B2D5}"
EndProject
Project("{FAE04EC0-301F-11D3-BF4B-00C04F79EFBC}") = "ecomerce.infrsutractor", "Infrastructure\ecomerce.infrsutractor.csproj", "{EC88BCDA-A0B4-0945-7AA6-5A4CDEF42F20}"
EndProject
Global
	GlobalSection(SolutionConfigurationPlatforms) = preSolution
		Debug|Any CPU = Debug|Any CPU
		Release|Any CPU = Release|Any CPU
	EndGlobalSection
	GlobalSection(ProjectConfigurationPlatforms) = postSolution
		{0448E3D6-D995-4C62-AAB7-15776D3DA986}.Debug|Any CPU.ActiveCfg = Debug|Any CPU
		{0448E3D6-D995-4C62-AAB7-15776D3DA986}.Debug|Any CPU.Build.0 = Debug|Any CPU
		{0448E3D6-D995-4C62-AAB7-15776D3DA986}.Release|Any CPU.ActiveCfg = Release|Any CPU
		{0448E3D6-D995-4C62-AAB7-15776D3DA986}.Release|Any CPU.Build.0 = Release|Any CPU
		{B8DD5EBD-5773-210B-289D-D3FF0E77F9A2}.Debug|Any CPU.ActiveCfg = Debug|Any CPU
		{B8DD5EBD-5773-210B-289D-D3FF0E77F9A2}.Debug|Any CPU.Build.0 = Debug|Any CPU
		{B8DD5EBD-5773-210B-289D-D3FF0E77F9A2}.Release|Any CPU.ActiveCfg = Release|Any CPU
		{B8DD5EBD-5773-210B-289D-D3FF0E77F9A2}.Release|Any CPU.Build.0 = Release|Any CPU
		{80B0064A-9BCF-D22E-0123-382BAD16B2D5}.Debug|Any CPU.ActiveCfg = Debug|Any CPU
		{80B0064A-9BCF-D22E-0123-382BAD16B2D5}.Debug|Any CPU.Build.0 = Debug|Any CPU
		{80B0064A-9BCF-D22E-0123-382BAD16B2D5}.Release|Any CPU.ActiveCfg = Release|Any CPU
		{80B0064A-9BCF-D22E-0123-382BAD16B2D5}.Release|Any CPU.Build.0 = Release|Any CPU
		{EC88BCDA-A0B4-0945-7AA6-5A4CDEF42F20}.Debug|Any CPU.ActiveCfg = Debug|Any CPU
		{EC88BCDA-A0B4-0945-7AA6-5A4CDEF42F20}.Debug|Any CPU.Build.0 = Debug|Any CPU
		{EC88BCDA-A0B4-0945-7AA6-5A4CDEF42F20}.Release|Any CPU.ActiveCfg = Release|Any CPU
		{EC88BCDA-A0B4-0945-7AA6-5A4CDEF42F20}.Release|Any CPU.Build.0 = Release|Any CPU
	EndGlobalSection
	GlobalSection(SolutionProperties) = preSolution
		HideSolutionNode = FALSE
	EndGlobalSection
	GlobalSection(ExtensibilityGlobals) = postSolution
		SolutionGuid = {EEF91259-CE87-4864-89DE-BE16AC6E022D}
	EndGlobalSection
EndGlobal
